
Microsoft Visual Studio Solution File, Format Version 12.00
# Visual Studio 15
VisualStudioVersion = 15.0.27004.2009
MinimumVisualStudioVersion = 10.0.40219.1
Project("{FAE04EC0-301F-11D3-BF4B-00C04F79EFBC}") = "Tests.Bromine", "Tests.Bromine\Tests.Bromine.csproj", "{16B33D44-E1C0-4A0F-896D-7FEF56A3C7CE}"
EndProject
Project("{FAE04EC0-301F-11D3-BF4B-00C04F79EFBC}") = "Bromine Core", "Bromine\Bromine Core.csproj", "{BB346A0F-1DD9-49EF-8D1F-DA87B91963CD}"
EndProject
Global
	GlobalSection(SolutionConfigurationPlatforms) = preSolution
		Debug|Any CPU = Debug|Any CPU
		Release|Any CPU = Release|Any CPU
	EndGlobalSection
	GlobalSection(ProjectConfigurationPlatforms) = postSolution
		{16B33D44-E1C0-4A0F-896D-7FEF56A3C7CE}.Debug|Any CPU.ActiveCfg = Debug|Any CPU
		{16B33D44-E1C0-4A0F-896D-7FEF56A3C7CE}.Debug|Any CPU.Build.0 = Debug|Any CPU
		{16B33D44-E1C0-4A0F-896D-7FEF56A3C7CE}.Release|Any CPU.ActiveCfg = Release|Any CPU
		{16B33D44-E1C0-4A0F-896D-7FEF56A3C7CE}.Release|Any CPU.Build.0 = Release|Any CPU
		{BB346A0F-1DD9-49EF-8D1F-DA87B91963CD}.Debug|Any CPU.ActiveCfg = Debug|Any CPU
		{BB346A0F-1DD9-49EF-8D1F-DA87B91963CD}.Debug|Any CPU.Build.0 = Debug|Any CPU
		{BB346A0F-1DD9-49EF-8D1F-DA87B91963CD}.Release|Any CPU.ActiveCfg = Release|Any CPU
		{BB346A0F-1DD9-49EF-8D1F-DA87B91963CD}.Release|Any CPU.Build.0 = Release|Any CPU
	EndGlobalSection
	GlobalSection(SolutionProperties) = preSolution
		HideSolutionNode = FALSE
	EndGlobalSection
	GlobalSection(ExtensibilityGlobals) = postSolution
		SolutionGuid = {D9A56C21-76C7-49D2-9A80-BAEC48FEECF7}
	EndGlobalSection
EndGlobal
